
Microsoft Visual Studio Solution File, Format Version 12.00
# Visual Studio Version 17
VisualStudioVersion = 17.12.35506.116
MinimumVisualStudioVersion = 10.0.40219.1
Project("{FAE04EC0-301F-11D3-BF4B-00C04F79EFBC}") = "ProductApi.Application", "ProductApi.Application\ProductApi.Application.csproj", "{62D02805-3100-42E2-AC80-2301E8B57ED2}"
EndProject
Project("{FAE04EC0-301F-11D3-BF4B-00C04F79EFBC}") = "ProductApi.Domain", "ProductApi.Domain\ProductApi.Domain.csproj", "{ABF279BD-BDCD-4668-86E2-DE59AA3129BC}"
EndProject
Project("{FAE04EC0-301F-11D3-BF4B-00C04F79EFBC}") = "ProductApi.Infrastructure", "ProductApi.Infrastructure\ProductApi.Infrastructure.csproj", "{38470890-E04B-43D9-84DA-E462FBAB0BBE}"
EndProject
Project("{FAE04EC0-301F-11D3-BF4B-00C04F79EFBC}") = "ProductApi.Presentation", "ProductApi.Presentation\ProductApi.Presentation.csproj", "{6B08B827-44A1-4372-9D79-CC563C188FFE}"
EndProject
Project("{FAE04EC0-301F-11D3-BF4B-00C04F79EFBC}") = "eCommerce.SharedLibrary", "..\eCommerce.SharedLibrarySolution\eCommerce.SharedLibrary\eCommerce.SharedLibrary.csproj", "{34781005-4F6F-4404-A669-2D3EAA61B087}"
EndProject
Global
	GlobalSection(SolutionConfigurationPlatforms) = preSolution
		Debug|Any CPU = Debug|Any CPU
		Release|Any CPU = Release|Any CPU
	EndGlobalSection
	GlobalSection(ProjectConfigurationPlatforms) = postSolution
		{62D02805-3100-42E2-AC80-2301E8B57ED2}.Debug|Any CPU.ActiveCfg = Debug|Any CPU
		{62D02805-3100-42E2-AC80-2301E8B57ED2}.Debug|Any CPU.Build.0 = Debug|Any CPU
		{62D02805-3100-42E2-AC80-2301E8B57ED2}.Release|Any CPU.ActiveCfg = Release|Any CPU
		{62D02805-3100-42E2-AC80-2301E8B57ED2}.Release|Any CPU.Build.0 = Release|Any CPU
		{ABF279BD-BDCD-4668-86E2-DE59AA3129BC}.Debug|Any CPU.ActiveCfg = Debug|Any CPU
		{ABF279BD-BDCD-4668-86E2-DE59AA3129BC}.Debug|Any CPU.Build.0 = Debug|Any CPU
		{ABF279BD-BDCD-4668-86E2-DE59AA3129BC}.Release|Any CPU.ActiveCfg = Release|Any CPU
		{ABF279BD-BDCD-4668-86E2-DE59AA3129BC}.Release|Any CPU.Build.0 = Release|Any CPU
		{38470890-E04B-43D9-84DA-E462FBAB0BBE}.Debug|Any CPU.ActiveCfg = Debug|Any CPU
		{38470890-E04B-43D9-84DA-E462FBAB0BBE}.Debug|Any CPU.Build.0 = Debug|Any CPU
		{38470890-E04B-43D9-84DA-E462FBAB0BBE}.Release|Any CPU.ActiveCfg = Release|Any CPU
		{38470890-E04B-43D9-84DA-E462FBAB0BBE}.Release|Any CPU.Build.0 = Release|Any CPU
		{6B08B827-44A1-4372-9D79-CC563C188FFE}.Debug|Any CPU.ActiveCfg = Debug|Any CPU
		{6B08B827-44A1-4372-9D79-CC563C188FFE}.Debug|Any CPU.Build.0 = Debug|Any CPU
		{6B08B827-44A1-4372-9D79-CC563C188FFE}.Release|Any CPU.ActiveCfg = Release|Any CPU
		{6B08B827-44A1-4372-9D79-CC563C188FFE}.Release|Any CPU.Build.0 = Release|Any CPU
		{34781005-4F6F-4404-A669-2D3EAA61B087}.Debug|Any CPU.ActiveCfg = Debug|Any CPU
		{34781005-4F6F-4404-A669-2D3EAA61B087}.Debug|Any CPU.Build.0 = Debug|Any CPU
		{34781005-4F6F-4404-A669-2D3EAA61B087}.Release|Any CPU.ActiveCfg = Release|Any CPU
		{34781005-4F6F-4404-A669-2D3EAA61B087}.Release|Any CPU.Build.0 = Release|Any CPU
	EndGlobalSection
	GlobalSection(SolutionProperties) = preSolution
		HideSolutionNode = FALSE
	EndGlobalSection
EndGlobal
