
Microsoft Visual Studio Solution File, Format Version 12.00
# Visual Studio Version 17
VisualStudioVersion = 17.12.35506.116
MinimumVisualStudioVersion = 10.0.40219.1
Project("{FAE04EC0-301F-11D3-BF4B-00C04F79EFBC}") = "ProductApi.Application", "ProductApi.Application\ProductApi.Application.csproj", "{62D02805-3100-42E2-AC80-2301E8B57ED2}"
EndProject
Project("{FAE04EC0-301F-11D3-BF4B-00C04F79EFBC}") = "ProductApi.Domain", "ProductApi.Domain\ProductApi.Domain.csproj", "{ABF279BD-BDCD-4668-86E2-DE59AA3129BC}"
EndProject
Project("{FAE04EC0-301F-11D3-BF4B-00C04F79EFBC}") = "ProductApi.Infrastructure", "ProductApi.Infrastructure\ProductApi.Infrastructure.csproj", "{38470890-E04B-43D9-84DA-E462FBAB0BBE}"
EndProject
Project("{FAE04EC0-301F-11D3-BF4B-00C04F79EFBC}") = "ProductApi.Presentation", "ProductApi.Presentation\ProductApi.Presentation.csproj", "{6B08B827-44A1-4372-9D79-CC563C188FFE}"
EndProject
Project("{FAE04EC0-301F-11D3-BF4B-00C04F79EFBC}") = "eCommerce.SharedLibrary", "..\eCommerce.SharedLibrarySolution\eCommerce.SharedLibrary\eCommerce.SharedLibrary.csproj", "{34781005-4F6F-4404-A669-2D3EAA61B087}"
EndProject
Project("{2150E333-8FDC-42A3-9474-1A3956D46DE8}") = "src", "src", "{2DD9B39D-33FE-419A-9E7B-6F42AC3B0701}"
EndProject
Project("{2150E333-8FDC-42A3-9474-1A3956D46DE8}") = "test", "test", "{D0EF0108-C2F3-4855-97D0-543A26F81147}"
EndProject
Project("{FAE04EC0-301F-11D3-BF4B-00C04F79EFBC}") = "UnitTest.ProductApi", "UnitTest.ProductApi\UnitTest.ProductApi.csproj", "{F4DE1155-0C0A-4905-BE6E-08880ECB3F49}"
EndProject
Global
	GlobalSection(SolutionConfigurationPlatforms) = preSolution
		Debug|Any CPU = Debug|Any CPU
		Release|Any CPU = Release|Any CPU
	EndGlobalSection
	GlobalSection(ProjectConfigurationPlatforms) = postSolution
		{62D02805-3100-42E2-AC80-2301E8B57ED2}.Debug|Any CPU.ActiveCfg = Debug|Any CPU
		{62D02805-3100-42E2-AC80-2301E8B57ED2}.Debug|Any CPU.Build.0 = Debug|Any CPU
		{62D02805-3100-42E2-AC80-2301E8B57ED2}.Release|Any CPU.ActiveCfg = Release|Any CPU
		{62D02805-3100-42E2-AC80-2301E8B57ED2}.Release|Any CPU.Build.0 = Release|Any CPU
		{ABF279BD-BDCD-4668-86E2-DE59AA3129BC}.Debug|Any CPU.ActiveCfg = Debug|Any CPU
		{ABF279BD-BDCD-4668-86E2-DE59AA3129BC}.Debug|Any CPU.Build.0 = Debug|Any CPU
		{ABF279BD-BDCD-4668-86E2-DE59AA3129BC}.Release|Any CPU.ActiveCfg = Release|Any CPU
		{ABF279BD-BDCD-4668-86E2-DE59AA3129BC}.Release|Any CPU.Build.0 = Release|Any CPU
		{38470890-E04B-43D9-84DA-E462FBAB0BBE}.Debug|Any CPU.ActiveCfg = Debug|Any CPU
		{38470890-E04B-43D9-84DA-E462FBAB0BBE}.Debug|Any CPU.Build.0 = Debug|Any CPU
		{38470890-E04B-43D9-84DA-E462FBAB0BBE}.Release|Any CPU.ActiveCfg = Release|Any CPU
		{38470890-E04B-43D9-84DA-E462FBAB0BBE}.Release|Any CPU.Build.0 = Release|Any CPU
		{6B08B827-44A1-4372-9D79-CC563C188FFE}.Debug|Any CPU.ActiveCfg = Debug|Any CPU
		{6B08B827-44A1-4372-9D79-CC563C188FFE}.Debug|Any CPU.Build.0 = Debug|Any CPU
		{6B08B827-44A1-4372-9D79-CC563C188FFE}.Release|Any CPU.ActiveCfg = Release|Any CPU
		{6B08B827-44A1-4372-9D79-CC563C188FFE}.Release|Any CPU.Build.0 = Release|Any CPU
		{34781005-4F6F-4404-A669-2D3EAA61B087}.Debug|Any CPU.ActiveCfg = Debug|Any CPU
		{34781005-4F6F-4404-A669-2D3EAA61B087}.Debug|Any CPU.Build.0 = Debug|Any CPU
		{34781005-4F6F-4404-A669-2D3EAA61B087}.Release|Any CPU.ActiveCfg = Release|Any CPU
		{34781005-4F6F-4404-A669-2D3EAA61B087}.Release|Any CPU.Build.0 = Release|Any CPU
		{F4DE1155-0C0A-4905-BE6E-08880ECB3F49}.Debug|Any CPU.ActiveCfg = Debug|Any CPU
		{F4DE1155-0C0A-4905-BE6E-08880ECB3F49}.Debug|Any CPU.Build.0 = Debug|Any CPU
		{F4DE1155-0C0A-4905-BE6E-08880ECB3F49}.Release|Any CPU.ActiveCfg = Release|Any CPU
		{F4DE1155-0C0A-4905-BE6E-08880ECB3F49}.Release|Any CPU.Build.0 = Release|Any CPU
	EndGlobalSection
	GlobalSection(SolutionProperties) = preSolution
		HideSolutionNode = FALSE
	EndGlobalSection
	GlobalSection(NestedProjects) = preSolution
		{62D02805-3100-42E2-AC80-2301E8B57ED2} = {2DD9B39D-33FE-419A-9E7B-6F42AC3B0701}
		{ABF279BD-BDCD-4668-86E2-DE59AA3129BC} = {2DD9B39D-33FE-419A-9E7B-6F42AC3B0701}
		{38470890-E04B-43D9-84DA-E462FBAB0BBE} = {2DD9B39D-33FE-419A-9E7B-6F42AC3B0701}
		{6B08B827-44A1-4372-9D79-CC563C188FFE} = {2DD9B39D-33FE-419A-9E7B-6F42AC3B0701}
		{34781005-4F6F-4404-A669-2D3EAA61B087} = {2DD9B39D-33FE-419A-9E7B-6F42AC3B0701}
		{F4DE1155-0C0A-4905-BE6E-08880ECB3F49} = {D0EF0108-C2F3-4855-97D0-543A26F81147}
	EndGlobalSection
EndGlobal
