
Microsoft Visual Studio Solution File, Format Version 12.00
# Visual Studio Version 17
VisualStudioVersion = 17.12.35506.116
MinimumVisualStudioVersion = 10.0.40219.1
Project("{FAE04EC0-301F-11D3-BF4B-00C04F79EFBC}") = "OrderApi.Application", "OrderApi.Application\OrderApi.Application.csproj", "{5A0053DB-B879-412F-85A2-627F86AC59D8}"
EndProject
Project("{FAE04EC0-301F-11D3-BF4B-00C04F79EFBC}") = "OrderApi.Domain", "OrderApi.Domain\OrderApi.Domain.csproj", "{1C32622E-2F79-48A9-86B1-FEF69AEF3A2E}"
EndProject
Project("{FAE04EC0-301F-11D3-BF4B-00C04F79EFBC}") = "OrderApi.Infrastructure", "OrderApi.Infrastructure\OrderApi.Infrastructure.csproj", "{E405BF82-9DF9-4F9B-B63F-258B9C24512D}"
EndProject
Project("{FAE04EC0-301F-11D3-BF4B-00C04F79EFBC}") = "OrderApi.Presentation", "OrderApi.Presentation\OrderApi.Presentation.csproj", "{5A6F7706-43DB-4C0F-B12D-2DCCF3316AEA}"
EndProject
Project("{FAE04EC0-301F-11D3-BF4B-00C04F79EFBC}") = "eCommerce.SharedLibrary", "..\eCommerce.SharedLibrarySolution\eCommerce.SharedLibrary\eCommerce.SharedLibrary.csproj", "{6ED235BD-7878-43D0-8BCB-6C73D7E99764}"
EndProject
Project("{2150E333-8FDC-42A3-9474-1A3956D46DE8}") = "src", "src", "{2BF0A8FD-77BA-4D19-90EC-58D6B357D10B}"
EndProject
Project("{2150E333-8FDC-42A3-9474-1A3956D46DE8}") = "test", "test", "{5B1D639A-5949-4144-AF7A-1A55727BD4E5}"
EndProject
Project("{FAE04EC0-301F-11D3-BF4B-00C04F79EFBC}") = "UnitTest.OrderApi", "UnitTest.OrderApi\UnitTest.OrderApi.csproj", "{38C99127-94CA-4FD9-A6DF-36C0BD07D98D}"
EndProject
Project("{FAE04EC0-301F-11D3-BF4B-00C04F79EFBC}") = "OrderApi.IntegrationTest", "OrderApi.IntegrationTest\OrderApi.IntegrationTest.csproj", "{2BC6A849-4B1C-4BC8-885D-9174E42C216B}"
EndProject
Global
	GlobalSection(SolutionConfigurationPlatforms) = preSolution
		Debug|Any CPU = Debug|Any CPU
		Release|Any CPU = Release|Any CPU
	EndGlobalSection
	GlobalSection(ProjectConfigurationPlatforms) = postSolution
		{5A0053DB-B879-412F-85A2-627F86AC59D8}.Debug|Any CPU.ActiveCfg = Debug|Any CPU
		{5A0053DB-B879-412F-85A2-627F86AC59D8}.Debug|Any CPU.Build.0 = Debug|Any CPU
		{5A0053DB-B879-412F-85A2-627F86AC59D8}.Release|Any CPU.ActiveCfg = Release|Any CPU
		{5A0053DB-B879-412F-85A2-627F86AC59D8}.Release|Any CPU.Build.0 = Release|Any CPU
		{1C32622E-2F79-48A9-86B1-FEF69AEF3A2E}.Debug|Any CPU.ActiveCfg = Debug|Any CPU
		{1C32622E-2F79-48A9-86B1-FEF69AEF3A2E}.Debug|Any CPU.Build.0 = Debug|Any CPU
		{1C32622E-2F79-48A9-86B1-FEF69AEF3A2E}.Release|Any CPU.ActiveCfg = Release|Any CPU
		{1C32622E-2F79-48A9-86B1-FEF69AEF3A2E}.Release|Any CPU.Build.0 = Release|Any CPU
		{E405BF82-9DF9-4F9B-B63F-258B9C24512D}.Debug|Any CPU.ActiveCfg = Debug|Any CPU
		{E405BF82-9DF9-4F9B-B63F-258B9C24512D}.Debug|Any CPU.Build.0 = Debug|Any CPU
		{E405BF82-9DF9-4F9B-B63F-258B9C24512D}.Release|Any CPU.ActiveCfg = Release|Any CPU
		{E405BF82-9DF9-4F9B-B63F-258B9C24512D}.Release|Any CPU.Build.0 = Release|Any CPU
		{5A6F7706-43DB-4C0F-B12D-2DCCF3316AEA}.Debug|Any CPU.ActiveCfg = Debug|Any CPU
		{5A6F7706-43DB-4C0F-B12D-2DCCF3316AEA}.Debug|Any CPU.Build.0 = Debug|Any CPU
		{5A6F7706-43DB-4C0F-B12D-2DCCF3316AEA}.Release|Any CPU.ActiveCfg = Release|Any CPU
		{5A6F7706-43DB-4C0F-B12D-2DCCF3316AEA}.Release|Any CPU.Build.0 = Release|Any CPU
		{6ED235BD-7878-43D0-8BCB-6C73D7E99764}.Debug|Any CPU.ActiveCfg = Debug|Any CPU
		{6ED235BD-7878-43D0-8BCB-6C73D7E99764}.Debug|Any CPU.Build.0 = Debug|Any CPU
		{6ED235BD-7878-43D0-8BCB-6C73D7E99764}.Release|Any CPU.ActiveCfg = Release|Any CPU
		{6ED235BD-7878-43D0-8BCB-6C73D7E99764}.Release|Any CPU.Build.0 = Release|Any CPU
		{38C99127-94CA-4FD9-A6DF-36C0BD07D98D}.Debug|Any CPU.ActiveCfg = Debug|Any CPU
		{38C99127-94CA-4FD9-A6DF-36C0BD07D98D}.Debug|Any CPU.Build.0 = Debug|Any CPU
		{38C99127-94CA-4FD9-A6DF-36C0BD07D98D}.Release|Any CPU.ActiveCfg = Release|Any CPU
		{38C99127-94CA-4FD9-A6DF-36C0BD07D98D}.Release|Any CPU.Build.0 = Release|Any CPU
		{2BC6A849-4B1C-4BC8-885D-9174E42C216B}.Debug|Any CPU.ActiveCfg = Debug|Any CPU
		{2BC6A849-4B1C-4BC8-885D-9174E42C216B}.Debug|Any CPU.Build.0 = Debug|Any CPU
		{2BC6A849-4B1C-4BC8-885D-9174E42C216B}.Release|Any CPU.ActiveCfg = Release|Any CPU
		{2BC6A849-4B1C-4BC8-885D-9174E42C216B}.Release|Any CPU.Build.0 = Release|Any CPU
	EndGlobalSection
	GlobalSection(SolutionProperties) = preSolution
		HideSolutionNode = FALSE
	EndGlobalSection
	GlobalSection(NestedProjects) = preSolution
		{5A0053DB-B879-412F-85A2-627F86AC59D8} = {2BF0A8FD-77BA-4D19-90EC-58D6B357D10B}
		{1C32622E-2F79-48A9-86B1-FEF69AEF3A2E} = {2BF0A8FD-77BA-4D19-90EC-58D6B357D10B}
		{E405BF82-9DF9-4F9B-B63F-258B9C24512D} = {2BF0A8FD-77BA-4D19-90EC-58D6B357D10B}
		{5A6F7706-43DB-4C0F-B12D-2DCCF3316AEA} = {2BF0A8FD-77BA-4D19-90EC-58D6B357D10B}
		{6ED235BD-7878-43D0-8BCB-6C73D7E99764} = {2BF0A8FD-77BA-4D19-90EC-58D6B357D10B}
		{38C99127-94CA-4FD9-A6DF-36C0BD07D98D} = {5B1D639A-5949-4144-AF7A-1A55727BD4E5}
		{2BC6A849-4B1C-4BC8-885D-9174E42C216B} = {5B1D639A-5949-4144-AF7A-1A55727BD4E5}
	EndGlobalSection
EndGlobal
